
Microsoft Visual Studio Solution File, Format Version 12.00
# Visual Studio Version 16
VisualStudioVersion = 16.0.31112.23
MinimumVisualStudioVersion = 10.0.40219.1
Project("{FAE04EC0-301F-11D3-BF4B-00C04F79EFBC}") = "LvovS.WebUI", "LvovS.WebUI\LvovS.WebUI.csproj", "{9203E4E9-65EB-4DA3-BA25-2C016745956A}"
EndProject
Global
	GlobalSection(SolutionConfigurationPlatforms) = preSolution
		Debug|Any CPU = Debug|Any CPU
		Release|Any CPU = Release|Any CPU
	EndGlobalSection
	GlobalSection(ProjectConfigurationPlatforms) = postSolution
		{9203E4E9-65EB-4DA3-BA25-2C016745956A}.Debug|Any CPU.ActiveCfg = Debug|Any CPU
		{9203E4E9-65EB-4DA3-BA25-2C016745956A}.Debug|Any CPU.Build.0 = Debug|Any CPU
		{9203E4E9-65EB-4DA3-BA25-2C016745956A}.Release|Any CPU.ActiveCfg = Release|Any CPU
		{9203E4E9-65EB-4DA3-BA25-2C016745956A}.Release|Any CPU.Build.0 = Release|Any CPU
	EndGlobalSection
	GlobalSection(SolutionProperties) = preSolution
		HideSolutionNode = FALSE
	EndGlobalSection
	GlobalSection(ExtensibilityGlobals) = postSolution
		SolutionGuid = {1EE76803-8A01-4B20-B780-E870D6716C32}
	EndGlobalSection
EndGlobal
